// !$*UTF8*$!
{
	archiveVersion = 1;
	classes = {
	};
	objectVersion = 77;
	objects = {

/* Begin PBXBuildFile section */
		5A4F4BA12FD1000000A10001 /* NukeExtensions in Frameworks */ = {isa = PBXBuildFile; productRef = 5A4F4BA02FD1000000A10001 /* NukeExtensions */; };
/* End PBXBuildFile section */

/* Begin PBXContainerItemProxy section */
		72F9D4B82F6BECD000C10355 /* PBXContainerItemProxy */ = {
			isa = PBXContainerItemProxy;
			containerPortal = 72F9D4992F6BECCF00C10355 /* Project object */;
			proxyType = 1;
			remoteGlobalIDString = 72F9D4A02F6BECCF00C10355;
			remoteInfo = ArtSearch;
		};
		72F9D4C22F6BECD000C10355 /* PBXContainerItemProxy */ = {
			isa = PBXContainerItemProxy;
			containerPortal = 72F9D4992F6BECCF00C10355 /* Project object */;
			proxyType = 1;
			remoteGlobalIDString = 72F9D4A02F6BECCF00C10355;
			remoteInfo = ArtSearch;
		};
/* End PBXContainerItemProxy section */

/* Begin PBXFileReference section */
		72F9D4A12F6BECCF00C10355 /* ArtSearch.app */ = {isa = PBXFileReference; explicitFileType = wrapper.application; includeInIndex = 0; path = ArtSearch.app; sourceTree = BUILT_PRODUCTS_DIR; };
		72F9D4B72F6BECD000C10355 /* ArtSearchTests.xctest */ = {isa = PBXFileReference; explicitFileType = wrapper.cfbundle; includeInIndex = 0; path = ArtSearchTests.xctest; sourceTree = BUILT_PRODUCTS_DIR; };
		72F9D4C12F6BECD000C10355 /* ArtSearchUITests.xctest */ = {isa = PBXFileReference; explicitFileType = wrapper.cfbundle; includeInIndex = 0; path = ArtSearchUITests.xctest; sourceTree = BUILT_PRODUCTS_DIR; };
/* End PBXFileReference section */

/* Begin PBXFileSystemSynchronizedBuildFileExceptionSet section */
		72F9D4C92F6BECD000C10355 /* Exceptions for "ArtSearch" folder in "ArtSearch" target */ = {
			isa = PBXFileSystemSynchronizedBuildFileExceptionSet;
			membershipExceptions = (
				App/Info.plist,
			);
			target = 72F9D4A02F6BECCF00C10355 /* ArtSearch */;
		};
/* End PBXFileSystemSynchronizedBuildFileExceptionSet section */

/* Begin PBXFileSystemSynchronizedRootGroup section */
		72F9D4A32F6BECCF00C10355 /* ArtSearch */ = {
			isa = PBXFileSystemSynchronizedRootGroup;
			exceptions = (
				72F9D4C92F6BECD000C10355 /* Exceptions for "ArtSearch" folder in "ArtSearch" target */,
			);
			path = ArtSearch;
			sourceTree = "<group>";
		};
		72F9D4BA2F6BECD000C10355 /* ArtSearchTests */ = {
			isa = PBXFileSystemSynchronizedRootGroup;
			path = ArtSearchTests;
			sourceTree = "<group>";
		};
		72F9D4C42F6BECD000C10355 /* ArtSearchUITests */ = {
			isa = PBXFileSystemSynchronizedRootGroup;
			path = ArtSearchUITests;
			sourceTree = "<group>";
		};
/* End PBXFileSystemSynchronizedRootGroup section */

/* Begin PBXFrameworksBuildPhase section */
		72F9D49E2F6BECCF00C10355 /* Frameworks */ = {
			isa = PBXFrameworksBuildPhase;
			buildActionMask = 2147483647;
			files = (
				5A4F4BA12FD1000000A10001 /* NukeExtensions in Frameworks */,
			);
			runOnlyForDeploymentPostprocessing = 0;
		};
		72F9D4B42F6BECD000C10355 /* Frameworks */ = {
			isa = PBXFrameworksBuildPhase;
			buildActionMask = 2147483647;
			files = (
			);
			runOnlyForDeploymentPostprocessing = 0;
		};
		72F9D4BE2F6BECD000C10355 /* Frameworks */ = {
			isa = PBXFrameworksBuildPhase;
			buildActionMask = 2147483647;
			files = (
			);
			runOnlyForDeploymentPostprocessing = 0;
		};
/* End PBXFrameworksBuildPhase section */

/* Begin PBXGroup section */
		72F9D4982F6BECCF00C10355 = {
			isa = PBXGroup;
			children = (
				72F9D4A32F6BECCF00C10355 /* ArtSearch */,
				72F9D4BA2F6BECD000C10355 /* ArtSearchTests */,
				72F9D4C42F6BECD000C10355 /* ArtSearchUITests */,
				72F9D4A22F6BECCF00C10355 /* Products */,
			);
			sourceTree = "<group>";
		};
		72F9D4A22F6BECCF00C10355 /* Products */ = {
			isa = PBXGroup;
			children = (
				72F9D4A12F6BECCF00C10355 /* ArtSearch.app */,
				72F9D4B72F6BECD000C10355 /* ArtSearchTests.xctest */,
				72F9D4C12F6BECD000C10355 /* ArtSearchUITests.xctest */,
			);
			name = Products;
			sourceTree = "<group>";
		};
/* End PBXGroup section */

/* Begin PBXNativeTarget section */
		72F9D4A02F6BECCF00C10355 /* ArtSearch */ = {
			isa = PBXNativeTarget;
			buildConfigurationList = 72F9D4CA2F6BECD000C10355 /* Build configuration list for PBXNativeTarget "ArtSearch" */;
			buildPhases = (
				72F9D49D2F6BECCF00C10355 /* Sources */,
				72F9D49E2F6BECCF00C10355 /* Frameworks */,
				72F9D49F2F6BECCF00C10355 /* Resources */,
			);
			buildRules = (
			);
			dependencies = (
			);
			fileSystemSynchronizedGroups = (
				72F9D4A32F6BECCF00C10355 /* ArtSearch */,
			);
			name = ArtSearch;
			packageProductDependencies = (
				5A4F4BA02FD1000000A10001 /* NukeExtensions */,
			);
			productName = ArtSearch;
			productReference = 72F9D4A12F6BECCF00C10355 /* ArtSearch.app */;
			productType = "com.apple.product-type.application";
		};
		72F9D4B62F6BECD000C10355 /* ArtSearchTests */ = {
			isa = PBXNativeTarget;
			buildConfigurationList = 72F9D4CF2F6BECD000C10355 /* Build configuration list for PBXNativeTarget "ArtSearchTests" */;
			buildPhases = (
				72F9D4B32F6BECD000C10355 /* Sources */,
				72F9D4B42F6BECD000C10355 /* Frameworks */,
				72F9D4B52F6BECD000C10355 /* Resources */,
			);
			buildRules = (
			);
			dependencies = (
				72F9D4B92F6BECD000C10355 /* PBXTargetDependency */,
			);
			fileSystemSynchronizedGroups = (
				72F9D4BA2F6BECD000C10355 /* ArtSearchTests */,
			);
			name = ArtSearchTests;
			packageProductDependencies = (
			);
			productName = ArtSearchTests;
			productReference = 72F9D4B72F6BECD000C10355 /* ArtSearchTests.xctest */;
			productType = "com.apple.product-type.bundle.unit-test";
		};
		72F9D4C02F6BECD000C10355 /* ArtSearchUITests */ = {
			isa = PBXNativeTarget;
			buildConfigurationList = 72F9D4D22F6BECD000C10355 /* Build configuration list for PBXNativeTarget "ArtSearchUITests" */;
			buildPhases = (
				72F9D4BD2F6BECD000C10355 /* Sources */,
				72F9D4BE2F6BECD000C10355 /* Frameworks */,
				72F9D4BF2F6BECD000C10355 /* Resources */,
			);
			buildRules = (
			);
			dependencies = (
				72F9D4C32F6BECD000C10355 /* PBXTargetDependency */,
			);
			fileSystemSynchronizedGroups = (
				72F9D4C42F6BECD000C10355 /* ArtSearchUITests */,
			);
			name = ArtSearchUITests;
			packageProductDependencies = (
			);
			productName = ArtSearchUITests;
			productReference = 72F9D4C12F6BECD000C10355 /* ArtSearchUITests.xctest */;
			productType = "com.apple.product-type.bundle.ui-testing";
		};
/* End PBXNativeTarget section */

/* Begin PBXProject section */
		72F9D4992F6BECCF00C10355 /* Project object */ = {
			isa = PBXProject;
			attributes = {
				BuildIndependentTargetsInParallel = 1;
				LastSwiftUpdateCheck = 2600;
				LastUpgradeCheck = 2600;
				TargetAttributes = {
					72F9D4A02F6BECCF00C10355 = {
						CreatedOnToolsVersion = 26.0.1;
					};
					72F9D4B62F6BECD000C10355 = {
						CreatedOnToolsVersion = 26.0.1;
						TestTargetID = 72F9D4A02F6BECCF00C10355;
					};
					72F9D4C02F6BECD000C10355 = {
						CreatedOnToolsVersion = 26.0.1;
						TestTargetID = 72F9D4A02F6BECCF00C10355;
					};
				};
			};
			buildConfigurationList = 72F9D49C2F6BECCF00C10355 /* Build configuration list for PBXProject "ArtSearch" */;
			developmentRegion = en;
			hasScannedForEncodings = 0;
			knownRegions = (
				en,
				Base,
			);
			mainGroup = 72F9D4982F6BECCF00C10355;
			minimizedProjectReferenceProxies = 1;
			packageReferences = (
				5A4F4B9F2FD1000000A10001 /* XCRemoteSwiftPackageReference "Nuke" */,
			);
			preferredProjectObjectVersion = 77;
			productRefGroup = 72F9D4A22F6BECCF00C10355 /* Products */;
			projectDirPath = "";
			projectRoot = "";
			targets = (
				72F9D4A02F6BECCF00C10355 /* ArtSearch */,
				72F9D4B62F6BECD000C10355 /* ArtSearchTests */,
				72F9D4C02F6BECD000C10355 /* ArtSearchUITests */,
			);
		};
/* End PBXProject section */

/* Begin PBXResourcesBuildPhase section */
		72F9D49F2F6BECCF00C10355 /* Resources */ = {
			isa = PBXResourcesBuildPhase;
			buildActionMask = 2147483647;
			files = (
			);
			runOnlyForDeploymentPostprocessing = 0;
		};
		72F9D4B52F6BECD000C10355 /* Resources */ = {
			isa = PBXResourcesBuildPhase;
			buildActionMask = 2147483647;
			files = (
			);
			runOnlyForDeploymentPostprocessing = 0;
		};
		72F9D4BF2F6BECD000C10355 /* Resources */ = {
			isa = PBXResourcesBuildPhase;
			buildActionMask = 2147483647;
			files = (
			);
			runOnlyForDeploymentPostprocessing = 0;
		};
/* End PBXResourcesBuildPhase section */

/* Begin PBXSourcesBuildPhase section */
		72F9D49D2F6BECCF00C10355 /* Sources */ = {
			isa = PBXSourcesBuildPhase;
			buildActionMask = 2147483647;
			files = (
			);
			runOnlyForDeploymentPostprocessing = 0;
		};
		72F9D4B32F6BECD000C10355 /* Sources */ = {
			isa = PBXSourcesBuildPhase;
			buildActionMask = 2147483647;
			files = (
			);
			runOnlyForDeploymentPostprocessing = 0;
		};
		72F9D4BD2F6BECD000C10355 /* Sources */ = {
			isa = PBXSourcesBuildPhase;
			buildActionMask = 2147483647;
			files = (
			);
			runOnlyForDeploymentPostprocessing = 0;
		};
/* End PBXSourcesBuildPhase section */

/* Begin PBXTargetDependency section */
		72F9D4B92F6BECD000C10355 /* PBXTargetDependency */ = {
			isa = PBXTargetDependency;
			target = 72F9D4A02F6BECCF00C10355 /* ArtSearch */;
			targetProxy = 72F9D4B82F6BECD000C10355 /* PBXContainerItemProxy */;
		};
		72F9D4C32F6BECD000C10355 /* PBXTargetDependency */ = {
			isa = PBXTargetDependency;
			target = 72F9D4A02F6BECCF00C10355 /* ArtSearch */;
			targetProxy = 72F9D4C22F6BECD000C10355 /* PBXContainerItemProxy */;
		};
/* End PBXTargetDependency section */

/* Begin XCBuildConfiguration section */
		72F9D4CB2F6BECD000C10355 /* Debug */ = {
			isa = XCBuildConfiguration;
			buildSettings = {
				ASSETCATALOG_COMPILER_APPICON_NAME = AppIcon;
				ASSETCATALOG_COMPILER_GLOBAL_ACCENT_COLOR_NAME = AccentColor;
				CODE_SIGN_STYLE = Automatic;
				CURRENT_PROJECT_VERSION = 1;
				GENERATE_INFOPLIST_FILE = YES;
				INFOPLIST_FILE = ArtSearch/App/Info.plist;
				INFOPLIST_KEY_UIApplicationSupportsIndirectInputEvents = YES;
				INFOPLIST_KEY_UILaunchStoryboardName = LaunchScreen;
				INFOPLIST_KEY_UISupportedInterfaceOrientations_iPad = "UIInterfaceOrientationPortrait UIInterfaceOrientationPortraitUpsideDown UIInterfaceOrientationLandscapeLeft UIInterfaceOrientationLandscapeRight";
				INFOPLIST_KEY_UISupportedInterfaceOrientations_iPhone = "UIInterfaceOrientationPortrait UIInterfaceOrientationLandscapeLeft UIInterfaceOrientationLandscapeRight";
				LD_RUNPATH_SEARCH_PATHS = (
					"$(inherited)",
					"@executable_path/Frameworks",
				);
				MARKETING_VERSION = 1.0;
				PRODUCT_BUNDLE_IDENTIFIER = com.luka.ArtSearch;
				PRODUCT_NAME = "$(TARGET_NAME)";
				STRING_CATALOG_GENERATE_SYMBOLS = YES;
				SWIFT_APPROACHABLE_CONCURRENCY = YES;
				SWIFT_DEFAULT_ACTOR_ISOLATION = MainActor;
				SWIFT_EMIT_LOC_STRINGS = YES;
				SWIFT_UPCOMING_FEATURE_MEMBER_IMPORT_VISIBILITY = YES;
				SWIFT_VERSION = 6.0;
				TARGETED_DEVICE_FAMILY = "1,2";
			};
			name = Debug;
		};
		72F9D4CC2F6BECD000C10355 /* Release */ = {
			isa = XCBuildConfiguration;
			buildSettings = {
				ASSETCATALOG_COMPILER_APPICON_NAME = AppIcon;
				ASSETCATALOG_COMPILER_GLOBAL_ACCENT_COLOR_NAME = AccentColor;
				CODE_SIGN_STYLE = Automatic;
				CURRENT_PROJECT_VERSION = 1;
				GENERATE_INFOPLIST_FILE = YES;
				INFOPLIST_FILE = ArtSearch/App/Info.plist;
				INFOPLIST_KEY_UIApplicationSupportsIndirectInputEvents = YES;
				INFOPLIST_KEY_UILaunchStoryboardName = LaunchScreen;
				INFOPLIST_KEY_UISupportedInterfaceOrientations_iPad = "UIInterfaceOrientationPortrait UIInterfaceOrientationPortraitUpsideDown UIInterfaceOrientationLandscapeLeft UIInterfaceOrientationLandscapeRight";
				INFOPLIST_KEY_UISupportedInterfaceOrientations_iPhone = "UIInterfaceOrientationPortrait UIInterfaceOrientationLandscapeLeft UIInterfaceOrientationLandscapeRight";
				LD_RUNPATH_SEARCH_PATHS = (
					"$(inherited)",
					"@executable_path/Frameworks",
				);
				MARKETING_VERSION = 1.0;
				PRODUCT_BUNDLE_IDENTIFIER = com.luka.ArtSearch;
				PRODUCT_NAME = "$(TARGET_NAME)";
				STRING_CATALOG_GENERATE_SYMBOLS = YES;
				SWIFT_APPROACHABLE_CONCURRENCY = YES;
				SWIFT_DEFAULT_ACTOR_ISOLATION = MainActor;
				SWIFT_EMIT_LOC_STRINGS = YES;
				SWIFT_UPCOMING_FEATURE_MEMBER_IMPORT_VISIBILITY = YES;
				SWIFT_VERSION = 6.0;
				TARGETED_DEVICE_FAMILY = "1,2";
			};
			name = Release;
		};
		72F9D4CD2F6BECD000C10355 /* Debug */ = {
			isa = XCBuildConfiguration;
			buildSettings = {
				ALWAYS_SEARCH_USER_PATHS = NO;
				ASSETCATALOG_COMPILER_GENERATE_SWIFT_ASSET_SYMBOL_EXTENSIONS = YES;
				CLANG_ANALYZER_NONNULL = YES;
				CLANG_ANALYZER_NUMBER_OBJECT_CONVERSION = YES_AGGRESSIVE;
				CLANG_CXX_LANGUAGE_STANDARD = "gnu++20";
				CLANG_ENABLE_MODULES = YES;
				CLANG_ENABLE_OBJC_ARC = YES;
				CLANG_ENABLE_OBJC_WEAK = YES;
				CLANG_WARN_BLOCK_CAPTURE_AUTORELEASING = YES;
				CLANG_WARN_BOOL_CONVERSION = YES;
				CLANG_WARN_COMMA = YES;
				CLANG_WARN_CONSTANT_CONVERSION = YES;
				CLANG_WARN_DEPRECATED_OBJC_IMPLEMENTATIONS = YES;
				CLANG_WARN_DIRECT_OBJC_ISA_USAGE = YES_ERROR;
				CLANG_WARN_DOCUMENTATION_COMMENTS = YES;
				CLANG_WARN_EMPTY_BODY = YES;
				CLANG_WARN_ENUM_CONVERSION = YES;
				CLANG_WARN_INFINITE_RECURSION = YES;
				CLANG_WARN_INT_CONVERSION = YES;
				CLANG_WARN_NON_LITERAL_NULL_CONVERSION = YES;
				CLANG_WARN_OBJC_IMPLICIT_RETAIN_SELF = YES;
				CLANG_WARN_OBJC_LITERAL_CONVERSION = YES;
				CLANG_WARN_OBJC_ROOT_CLASS = YES_ERROR;
				CLANG_WARN_QUOTED_INCLUDE_IN_FRAMEWORK_HEADER = YES;
				CLANG_WARN_RANGE_LOOP_ANALYSIS = YES;
				CLANG_WARN_STRICT_PROTOTYPES = YES;
				CLANG_WARN_SUSPICIOUS_MOVE = YES;
				CLANG_WARN_UNGUARDED_AVAILABILITY = YES_AGGRESSIVE;
				CLANG_WARN_UNREACHABLE_CODE = YES;
				CLANG_WARN__DUPLICATE_METHOD_MATCH = YES;
				COPY_PHASE_STRIP = NO;
				DEBUG_INFORMATION_FORMAT = dwarf;
				ENABLE_STRICT_OBJC_MSGSEND = YES;
				ENABLE_TESTABILITY = YES;
				ENABLE_USER_SCRIPT_SANDBOXING = YES;
				GCC_C_LANGUAGE_STANDARD = gnu17;
				GCC_DYNAMIC_NO_PIC = NO;
				GCC_NO_COMMON_BLOCKS = YES;
				GCC_OPTIMIZATION_LEVEL = 0;
				GCC_PREPROCESSOR_DEFINITIONS = (
					"DEBUG=1",
					"$(inherited)",
				);
				GCC_WARN_64_TO_32_BIT_CONVERSION = YES;
				GCC_WARN_ABOUT_RETURN_TYPE = YES_ERROR;
				GCC_WARN_UNDECLARED_SELECTOR = YES;
				GCC_WARN_UNINITIALIZED_AUTOS = YES_AGGRESSIVE;
				GCC_WARN_UNUSED_FUNCTION = YES;
				GCC_WARN_UNUSED_VARIABLE = YES;
				IPHONEOS_DEPLOYMENT_TARGET = 26.0;
				LOCALIZATION_PREFERS_STRING_CATALOGS = YES;
				MTL_ENABLE_DEBUG_INFO = INCLUDE_SOURCE;
				MTL_FAST_MATH = YES;
				ONLY_ACTIVE_ARCH = YES;
				SDKROOT = iphoneos;
				SWIFT_ACTIVE_COMPILATION_CONDITIONS = "DEBUG $(inherited)";
				SWIFT_OPTIMIZATION_LEVEL = "-Onone";
			};
			name = Debug;
		};
		72F9D4CE2F6BECD000C10355 /* Release */ = {
			isa = XCBuildConfiguration;
			buildSettings = {
				ALWAYS_SEARCH_USER_PATHS = NO;
				ASSETCATALOG_COMPILER_GENERATE_SWIFT_ASSET_SYMBOL_EXTENSIONS = YES;
				CLANG_ANALYZER_NONNULL = YES;
				CLANG_ANALYZER_NUMBER_OBJECT_CONVERSION = YES_AGGRESSIVE;
				CLANG_CXX_LANGUAGE_STANDARD = "gnu++20";
				CLANG_ENABLE_MODULES = YES;
				CLANG_ENABLE_OBJC_ARC = YES;
				CLANG_ENABLE_OBJC_WEAK = YES;
				CLANG_WARN_BLOCK_CAPTURE_AUTORELEASING = YES;
				CLANG_WARN_BOOL_CONVERSION = YES;
				CLANG_WARN_COMMA = YES;
				CLANG_WARN_CONSTANT_CONVERSION = YES;
				CLANG_WARN_DEPRECATED_OBJC_IMPLEMENTATIONS = YES;
				CLANG_WARN_DIRECT_OBJC_ISA_USAGE = YES_ERROR;
				CLANG_WARN_DOCUMENTATION_COMMENTS = YES;
				CLANG_WARN_EMPTY_BODY = YES;
				CLANG_WARN_ENUM_CONVERSION = YES;
				CLANG_WARN_INFINITE_RECURSION = YES;
				CLANG_WARN_INT_CONVERSION = YES;
				CLANG_WARN_NON_LITERAL_NULL_CONVERSION = YES;
				CLANG_WARN_OBJC_IMPLICIT_RETAIN_SELF = YES;
				CLANG_WARN_OBJC_LITERAL_CONVERSION = YES;
				CLANG_WARN_OBJC_ROOT_CLASS = YES_ERROR;
				CLANG_WARN_QUOTED_INCLUDE_IN_FRAMEWORK_HEADER = YES;
				CLANG_WARN_RANGE_LOOP_ANALYSIS = YES;
				CLANG_WARN_STRICT_PROTOTYPES = YES;
				CLANG_WARN_SUSPICIOUS_MOVE = YES;
				CLANG_WARN_UNGUARDED_AVAILABILITY = YES_AGGRESSIVE;
				CLANG_WARN_UNREACHABLE_CODE = YES;
				CLANG_WARN__DUPLICATE_METHOD_MATCH = YES;
				COPY_PHASE_STRIP = NO;
				DEBUG_INFORMATION_FORMAT = "dwarf-with-dsym";
				ENABLE_NS_ASSERTIONS = NO;
				ENABLE_STRICT_OBJC_MSGSEND = YES;
				ENABLE_USER_SCRIPT_SANDBOXING = YES;
				GCC_C_LANGUAGE_STANDARD = gnu17;
				GCC_NO_COMMON_BLOCKS = YES;
				GCC_WARN_64_TO_32_BIT_CONVERSION = YES;
				GCC_WARN_ABOUT_RETURN_TYPE = YES_ERROR;
				GCC_WARN_UNDECLARED_SELECTOR = YES;
				GCC_WARN_UNINITIALIZED_AUTOS = YES_AGGRESSIVE;
				GCC_WARN_UNUSED_FUNCTION = YES;
				GCC_WARN_UNUSED_VARIABLE = YES;
				IPHONEOS_DEPLOYMENT_TARGET = 26.0;
				LOCALIZATION_PREFERS_STRING_CATALOGS = YES;
				MTL_ENABLE_DEBUG_INFO = NO;
				MTL_FAST_MATH = YES;
				SDKROOT = iphoneos;
				SWIFT_COMPILATION_MODE = wholemodule;
				VALIDATE_PRODUCT = YES;
			};
			name = Release;
		};
		72F9D4D02F6BECD000C10355 /* Debug */ = {
			isa = XCBuildConfiguration;
			buildSettings = {
				BUNDLE_LOADER = "$(TEST_HOST)";
				CODE_SIGN_STYLE = Automatic;
				CURRENT_PROJECT_VERSION = 1;
				GENERATE_INFOPLIST_FILE = YES;
				IPHONEOS_DEPLOYMENT_TARGET = 26.0;
				MARKETING_VERSION = 1.0;
				PRODUCT_BUNDLE_IDENTIFIER = com.luka.ArtSearchTests;
				PRODUCT_NAME = "$(TARGET_NAME)";
				STRING_CATALOG_GENERATE_SYMBOLS = NO;
				SWIFT_APPROACHABLE_CONCURRENCY = YES;
				SWIFT_EMIT_LOC_STRINGS = NO;
				SWIFT_UPCOMING_FEATURE_MEMBER_IMPORT_VISIBILITY = YES;
				SWIFT_VERSION = 6.0;
				TARGETED_DEVICE_FAMILY = "1,2";
				TEST_HOST = "$(BUILT_PRODUCTS_DIR)/ArtSearch.app/$(BUNDLE_EXECUTABLE_FOLDER_PATH)/ArtSearch";
			};
			name = Debug;
		};
		72F9D4D12F6BECD000C10355 /* Release */ = {
			isa = XCBuildConfiguration;
			buildSettings = {
				BUNDLE_LOADER = "$(TEST_HOST)";
				CODE_SIGN_STYLE = Automatic;
				CURRENT_PROJECT_VERSION = 1;
				GENERATE_INFOPLIST_FILE = YES;
				IPHONEOS_DEPLOYMENT_TARGET = 26.0;
				MARKETING_VERSION = 1.0;
				PRODUCT_BUNDLE_IDENTIFIER = com.luka.ArtSearchTests;
				PRODUCT_NAME = "$(TARGET_NAME)";
				STRING_CATALOG_GENERATE_SYMBOLS = NO;
				SWIFT_APPROACHABLE_CONCURRENCY = YES;
				SWIFT_EMIT_LOC_STRINGS = NO;
				SWIFT_UPCOMING_FEATURE_MEMBER_IMPORT_VISIBILITY = YES;
				SWIFT_VERSION = 6.0;
				TARGETED_DEVICE_FAMILY = "1,2";
				TEST_HOST = "$(BUILT_PRODUCTS_DIR)/ArtSearch.app/$(BUNDLE_EXECUTABLE_FOLDER_PATH)/ArtSearch";
			};
			name = Release;
		};
		72F9D4D32F6BECD000C10355 /* Debug */ = {
			isa = XCBuildConfiguration;
			buildSettings = {
				CODE_SIGN_STYLE = Automatic;
				CURRENT_PROJECT_VERSION = 1;
				GENERATE_INFOPLIST_FILE = YES;
				MARKETING_VERSION = 1.0;
				PRODUCT_BUNDLE_IDENTIFIER = com.luka.ArtSearchUITests;
				PRODUCT_NAME = "$(TARGET_NAME)";
				STRING_CATALOG_GENERATE_SYMBOLS = NO;
				SWIFT_APPROACHABLE_CONCURRENCY = YES;
				SWIFT_EMIT_LOC_STRINGS = NO;
				SWIFT_UPCOMING_FEATURE_MEMBER_IMPORT_VISIBILITY = YES;
				SWIFT_VERSION = 6.0;
				TARGETED_DEVICE_FAMILY = "1,2";
				TEST_TARGET_NAME = ArtSearch;
			};
			name = Debug;
		};
		72F9D4D42F6BECD000C10355 /* Release */ = {
			isa = XCBuildConfiguration;
			buildSettings = {
				CODE_SIGN_STYLE = Automatic;
				CURRENT_PROJECT_VERSION = 1;
				GENERATE_INFOPLIST_FILE = YES;
				MARKETING_VERSION = 1.0;
				PRODUCT_BUNDLE_IDENTIFIER = com.luka.ArtSearchUITests;
				PRODUCT_NAME = "$(TARGET_NAME)";
				STRING_CATALOG_GENERATE_SYMBOLS = NO;
				SWIFT_APPROACHABLE_CONCURRENCY = YES;
				SWIFT_EMIT_LOC_STRINGS = NO;
				SWIFT_UPCOMING_FEATURE_MEMBER_IMPORT_VISIBILITY = YES;
				SWIFT_VERSION = 6.0;
				TARGETED_DEVICE_FAMILY = "1,2";
				TEST_TARGET_NAME = ArtSearch;
			};
			name = Release;
		};
/* End XCBuildConfiguration section */

/* Begin XCConfigurationList section */
		72F9D49C2F6BECCF00C10355 /* Build configuration list for PBXProject "ArtSearch" */ = {
			isa = XCConfigurationList;
			buildConfigurations = (
				72F9D4CD2F6BECD000C10355 /* Debug */,
				72F9D4CE2F6BECD000C10355 /* Release */,
			);
			defaultConfigurationIsVisible = 0;
			defaultConfigurationName = Release;
		};
		72F9D4CA2F6BECD000C10355 /* Build configuration list for PBXNativeTarget "ArtSearch" */ = {
			isa = XCConfigurationList;
			buildConfigurations = (
				72F9D4CB2F6BECD000C10355 /* Debug */,
				72F9D4CC2F6BECD000C10355 /* Release */,
			);
			defaultConfigurationIsVisible = 0;
			defaultConfigurationName = Release;
		};
		72F9D4CF2F6BECD000C10355 /* Build configuration list for PBXNativeTarget "ArtSearchTests" */ = {
			isa = XCConfigurationList;
			buildConfigurations = (
				72F9D4D02F6BECD000C10355 /* Debug */,
				72F9D4D12F6BECD000C10355 /* Release */,
			);
			defaultConfigurationIsVisible = 0;
			defaultConfigurationName = Release;
		};
		72F9D4D22F6BECD000C10355 /* Build configuration list for PBXNativeTarget "ArtSearchUITests" */ = {
			isa = XCConfigurationList;
			buildConfigurations = (
				72F9D4D32F6BECD000C10355 /* Debug */,
				72F9D4D42F6BECD000C10355 /* Release */,
			);
			defaultConfigurationIsVisible = 0;
			defaultConfigurationName = Release;
		};
/* End XCConfigurationList section */

/* Begin XCRemoteSwiftPackageReference section */
		5A4F4B9F2FD1000000A10001 /* XCRemoteSwiftPackageReference "Nuke" */ = {
			isa = XCRemoteSwiftPackageReference;
			repositoryURL = "https://github.com/kean/Nuke.git";
			requirement = {
				kind = upToNextMajorVersion;
				minimumVersion = 12.8.0;
			};
		};
/* End XCRemoteSwiftPackageReference section */

/* Begin XCSwiftPackageProductDependency section */
		5A4F4BA02FD1000000A10001 /* NukeExtensions */ = {
			isa = XCSwiftPackageProductDependency;
			package = 5A4F4B9F2FD1000000A10001 /* XCRemoteSwiftPackageReference "Nuke" */;
			productName = NukeExtensions;
		};
/* End XCSwiftPackageProductDependency section */
	};
	rootObject = 72F9D4992F6BECCF00C10355 /* Project object */;
}
